
Microsoft Visual Studio Solution File, Format Version 12.00
# Visual Studio Version 16
VisualStudioVersion = 16.0.31424.327
MinimumVisualStudioVersion = 10.0.40219.1
Project("{9A19103F-16F7-4668-BE54-9A1E7A4F7556}") = "E-Commerce-WDDN-Core", "E-Commerce-WDDN-Core.csproj", "{48F1A917-1F48-4927-AFFB-9647413A71ED}"
EndProject
Global
	GlobalSection(SolutionConfigurationPlatforms) = preSolution
		Debug|Any CPU = Debug|Any CPU
		Release|Any CPU = Release|Any CPU
	EndGlobalSection
	GlobalSection(ProjectConfigurationPlatforms) = postSolution
		{48F1A917-1F48-4927-AFFB-9647413A71ED}.Debug|Any CPU.ActiveCfg = Debug|Any CPU
		{48F1A917-1F48-4927-AFFB-9647413A71ED}.Debug|Any CPU.Build.0 = Debug|Any CPU
		{48F1A917-1F48-4927-AFFB-9647413A71ED}.Release|Any CPU.ActiveCfg = Release|Any CPU
		{48F1A917-1F48-4927-AFFB-9647413A71ED}.Release|Any CPU.Build.0 = Release|Any CPU
	EndGlobalSection
	GlobalSection(SolutionProperties) = preSolution
		HideSolutionNode = FALSE
	EndGlobalSection
	GlobalSection(ExtensibilityGlobals) = postSolution
		SolutionGuid = {F6348BCE-06B5-4651-8345-7E4E321E64C0}
	EndGlobalSection
EndGlobal
